
Microsoft Visual Studio Solution File, Format Version 12.00
# Visual Studio Version 16
VisualStudioVersion = 16.0.29409.12
MinimumVisualStudioVersion = 10.0.40219.1
Project("{FAE04EC0-301F-11D3-BF4B-00C04F79EFBC}") = "Service", "Service\Service.csproj", "{133BFE0D-9541-42C8-A46E-D1AA6C711A52}"
EndProject
Global
	GlobalSection(SolutionConfigurationPlatforms) = preSolution
		Debug|Any CPU = Debug|Any CPU
		Release|Any CPU = Release|Any CPU
	EndGlobalSection
	GlobalSection(ProjectConfigurationPlatforms) = postSolution
		{133BFE0D-9541-42C8-A46E-D1AA6C711A52}.Debug|Any CPU.ActiveCfg = Debug|Any CPU
		{133BFE0D-9541-42C8-A46E-D1AA6C711A52}.Debug|Any CPU.Build.0 = Debug|Any CPU
		{133BFE0D-9541-42C8-A46E-D1AA6C711A52}.Release|Any CPU.ActiveCfg = Release|Any CPU
		{133BFE0D-9541-42C8-A46E-D1AA6C711A52}.Release|Any CPU.Build.0 = Release|Any CPU
	EndGlobalSection
	GlobalSection(SolutionProperties) = preSolution
		HideSolutionNode = FALSE
	EndGlobalSection
	GlobalSection(ExtensibilityGlobals) = postSolution
		SolutionGuid = {0ACF6689-15BA-423B-BEF6-6EE0F21EE7BA}
	EndGlobalSection
EndGlobal
